
Microsoft Visual Studio Solution File, Format Version 12.00
# Visual Studio Version 16
VisualStudioVersion = 16.0.31402.337
MinimumVisualStudioVersion = 10.0.40219.1
Project("{9A19103F-16F7-4668-BE54-9A1E7A4F7556}") = "Selenium", "Selenium.csproj", "{C98BC1C7-A690-499F-94BE-EF061AE95120}"
EndProject
Global
	GlobalSection(SolutionConfigurationPlatforms) = preSolution
		Debug|Any CPU = Debug|Any CPU
		Release|Any CPU = Release|Any CPU
	EndGlobalSection
	GlobalSection(ProjectConfigurationPlatforms) = postSolution
		{C98BC1C7-A690-499F-94BE-EF061AE95120}.Debug|Any CPU.ActiveCfg = Debug|Any CPU
		{C98BC1C7-A690-499F-94BE-EF061AE95120}.Debug|Any CPU.Build.0 = Debug|Any CPU
		{C98BC1C7-A690-499F-94BE-EF061AE95120}.Release|Any CPU.ActiveCfg = Release|Any CPU
		{C98BC1C7-A690-499F-94BE-EF061AE95120}.Release|Any CPU.Build.0 = Release|Any CPU
	EndGlobalSection
	GlobalSection(SolutionProperties) = preSolution
		HideSolutionNode = FALSE
	EndGlobalSection
	GlobalSection(ExtensibilityGlobals) = postSolution
		SolutionGuid = {31447501-0C24-4193-B405-911EA2EB6E41}
	EndGlobalSection
EndGlobal
